
Microsoft Visual Studio Solution File, Format Version 12.00
# Visual Studio 15
VisualStudioVersion = 15.0.26430.6
MinimumVisualStudioVersion = 10.0.40219.1
Project("{FAE04EC0-301F-11D3-BF4B-00C04F79EFBC}") = "Auction_v1", "Auction_v1\Auction_v1.csproj", "{12FD22ED-F45F-408B-86EC-86D7185D7ADB}"
EndProject
Global
	GlobalSection(SolutionConfigurationPlatforms) = preSolution
		Debug|Any CPU = Debug|Any CPU
		Release|Any CPU = Release|Any CPU
	EndGlobalSection
	GlobalSection(ProjectConfigurationPlatforms) = postSolution
		{12FD22ED-F45F-408B-86EC-86D7185D7ADB}.Debug|Any CPU.ActiveCfg = Debug|Any CPU
		{12FD22ED-F45F-408B-86EC-86D7185D7ADB}.Debug|Any CPU.Build.0 = Debug|Any CPU
		{12FD22ED-F45F-408B-86EC-86D7185D7ADB}.Release|Any CPU.ActiveCfg = Release|Any CPU
		{12FD22ED-F45F-408B-86EC-86D7185D7ADB}.Release|Any CPU.Build.0 = Release|Any CPU
	EndGlobalSection
	GlobalSection(SolutionProperties) = preSolution
		HideSolutionNode = FALSE
	EndGlobalSection
EndGlobal
